
Microsoft Visual Studio Solution File, Format Version 12.00
# Visual Studio Version 16
VisualStudioVersion = 25.0.1703.7
MinimumVisualStudioVersion = 10.0.40219.1
Project("{FAE04EC0-301F-11D3-BF4B-00C04F79EFBC}") = "cSharpcars", "cSharpcars\cSharpcars.csproj", "{A3F6845F-B7F9-4BF3-9A1D-E164D6E8377D}"
EndProject
Project("{FAE04EC0-301F-11D3-BF4B-00C04F79EFBC}") = "cSharpcars_tests", "cSharpcars_tests\cSharpcars_tests.csproj", "{A05F6B6F-CCD9-4C6F-9242-6DAFF9E9289A}"
EndProject
Project("{2150E333-8FDC-42A3-9474-1A3956D46DE8}") = "Solution Items", "Solution Items", "{B0E6FBA7-26D1-4ED6-BD70-51CCE8D03693}"
	ProjectSection(SolutionItems) = preProject
		README.md = README.md
	EndProjectSection
EndProject
Global
	GlobalSection(SolutionConfigurationPlatforms) = preSolution
		Debug|Any CPU = Debug|Any CPU
		Release|Any CPU = Release|Any CPU
	EndGlobalSection
	GlobalSection(ProjectConfigurationPlatforms) = postSolution
		{A3F6845F-B7F9-4BF3-9A1D-E164D6E8377D}.Debug|Any CPU.ActiveCfg = Debug|Any CPU
		{A3F6845F-B7F9-4BF3-9A1D-E164D6E8377D}.Debug|Any CPU.Build.0 = Debug|Any CPU
		{A3F6845F-B7F9-4BF3-9A1D-E164D6E8377D}.Release|Any CPU.ActiveCfg = Release|Any CPU
		{A3F6845F-B7F9-4BF3-9A1D-E164D6E8377D}.Release|Any CPU.Build.0 = Release|Any CPU
		{A05F6B6F-CCD9-4C6F-9242-6DAFF9E9289A}.Debug|Any CPU.ActiveCfg = Debug|Any CPU
		{A05F6B6F-CCD9-4C6F-9242-6DAFF9E9289A}.Debug|Any CPU.Build.0 = Debug|Any CPU
		{A05F6B6F-CCD9-4C6F-9242-6DAFF9E9289A}.Release|Any CPU.ActiveCfg = Release|Any CPU
		{A05F6B6F-CCD9-4C6F-9242-6DAFF9E9289A}.Release|Any CPU.Build.0 = Release|Any CPU
	EndGlobalSection
	GlobalSection(SolutionProperties) = preSolution
		HideSolutionNode = FALSE
	EndGlobalSection
	GlobalSection(ExtensibilityGlobals) = postSolution
		SolutionGuid = {38733966-DC44-4F24-B89E-70C26DFD1637}
	EndGlobalSection
EndGlobal
