
Microsoft Visual Studio Solution File, Format Version 12.00
# Visual Studio Version 16
VisualStudioVersion = 25.0.1703.7
MinimumVisualStudioVersion = 10.0.40219.1
Project("{FAE04EC0-301F-11D3-BF4B-00C04F79EFBC}") = "cSharpCars", "cSharpCars\cSharpCars.csproj", "{6071B5C6-225D-4757-98AD-8914464FA543}"
EndProject
Project("{FAE04EC0-301F-11D3-BF4B-00C04F79EFBC}") = "cSharpCars_Tests", "cSharpCars_tests\cSharpCars_Tests.csproj", "{27F3327E-B914-4C64-B386-A71BB95B1919}"
EndProject
Project("{FAE04EC0-301F-11D3-BF4B-00C04F79EFBC}") = "CarsService", "ConsumerService\CarsService.csproj", "{6807D240-8AB5-4DC8-880B-1EF5991C47CF}"
EndProject
Global
	GlobalSection(SolutionConfigurationPlatforms) = preSolution
		Debug|Any CPU = Debug|Any CPU
		Release|Any CPU = Release|Any CPU
	EndGlobalSection
	GlobalSection(ProjectConfigurationPlatforms) = postSolution
		{9B3C2DF1-94D7-4562-8C9C-71F9900F8C49}.Debug|Any CPU.ActiveCfg = Debug|Any CPU
		{9B3C2DF1-94D7-4562-8C9C-71F9900F8C49}.Debug|Any CPU.Build.0 = Debug|Any CPU
		{9B3C2DF1-94D7-4562-8C9C-71F9900F8C49}.Release|Any CPU.ActiveCfg = Release|Any CPU
		{9B3C2DF1-94D7-4562-8C9C-71F9900F8C49}.Release|Any CPU.Build.0 = Release|Any CPU
		{A5C8AAB7-7E33-471C-8F50-8628593C32A9}.Debug|Any CPU.ActiveCfg = Debug|Any CPU
		{A5C8AAB7-7E33-471C-8F50-8628593C32A9}.Debug|Any CPU.Build.0 = Debug|Any CPU
		{A5C8AAB7-7E33-471C-8F50-8628593C32A9}.Release|Any CPU.ActiveCfg = Release|Any CPU
		{A5C8AAB7-7E33-471C-8F50-8628593C32A9}.Release|Any CPU.Build.0 = Release|Any CPU
		{6071B5C6-225D-4757-98AD-8914464FA543}.Debug|Any CPU.ActiveCfg = Debug|Any CPU
		{6071B5C6-225D-4757-98AD-8914464FA543}.Debug|Any CPU.Build.0 = Debug|Any CPU
		{6071B5C6-225D-4757-98AD-8914464FA543}.Release|Any CPU.ActiveCfg = Release|Any CPU
		{6071B5C6-225D-4757-98AD-8914464FA543}.Release|Any CPU.Build.0 = Release|Any CPU
		{27F3327E-B914-4C64-B386-A71BB95B1919}.Debug|Any CPU.ActiveCfg = Debug|Any CPU
		{27F3327E-B914-4C64-B386-A71BB95B1919}.Debug|Any CPU.Build.0 = Debug|Any CPU
		{27F3327E-B914-4C64-B386-A71BB95B1919}.Release|Any CPU.ActiveCfg = Release|Any CPU
		{27F3327E-B914-4C64-B386-A71BB95B1919}.Release|Any CPU.Build.0 = Release|Any CPU
		{6807D240-8AB5-4DC8-880B-1EF5991C47CF}.Debug|Any CPU.ActiveCfg = Debug|Any CPU
		{6807D240-8AB5-4DC8-880B-1EF5991C47CF}.Debug|Any CPU.Build.0 = Debug|Any CPU
		{6807D240-8AB5-4DC8-880B-1EF5991C47CF}.Release|Any CPU.ActiveCfg = Release|Any CPU
		{6807D240-8AB5-4DC8-880B-1EF5991C47CF}.Release|Any CPU.Build.0 = Release|Any CPU
	EndGlobalSection
	GlobalSection(SolutionProperties) = preSolution
		HideSolutionNode = FALSE
	EndGlobalSection
	GlobalSection(ExtensibilityGlobals) = postSolution
		SolutionGuid = {38733966-DC44-4F24-B89E-70C26DFD1637}
	EndGlobalSection
EndGlobal
